// !$*UTF8*$!
{
	archiveVersion = 1;
	classes = {
	};
	objectVersion = 50;
	objects = {

/* Begin PBXBuildFile section */
		46BB1D77C55CB1CBAF094CCB /* Pods_Todoey.framework in Frameworks */ = {isa = PBXBuildFile; fileRef = BD882EFDE60B5FA7391B7687 /* Pods_Todoey.framework */; };
		8B73D2882222FFD900B8088F /* AppDelegate.swift in Sources */ = {isa = PBXBuildFile; fileRef = 8B73D2872222FFD900B8088F /* AppDelegate.swift */; };
		8B73D28A2222FFD900B8088F /* TodoListViewController.swift in Sources */ = {isa = PBXBuildFile; fileRef = 8B73D2892222FFD900B8088F /* TodoListViewController.swift */; };
		8B73D28D2222FFD900B8088F /* Main.storyboard in Resources */ = {isa = PBXBuildFile; fileRef = 8B73D28B2222FFD900B8088F /* Main.storyboard */; };
		8B73D28F2222FFDA00B8088F /* Assets.xcassets in Resources */ = {isa = PBXBuildFile; fileRef = 8B73D28E2222FFDA00B8088F /* Assets.xcassets */; };
		8B73D2922222FFDA00B8088F /* LaunchScreen.storyboard in Resources */ = {isa = PBXBuildFile; fileRef = 8B73D2902222FFDA00B8088F /* LaunchScreen.storyboard */; };
		8B73D2C62228089600B8088F /* CategoryViewController.swift in Sources */ = {isa = PBXBuildFile; fileRef = 8B73D2C52228089600B8088F /* CategoryViewController.swift */; };
		8B73D2CA2228D4EB00B8088F /* Item.swift in Sources */ = {isa = PBXBuildFile; fileRef = 8B73D2C92228D4EB00B8088F /* Item.swift */; };
		8B73D2CC2228D4F500B8088F /* Category.swift in Sources */ = {isa = PBXBuildFile; fileRef = 8B73D2CB2228D4F500B8088F /* Category.swift */; };
		8B73D2CE2229400800B8088F /* SwipeTableViewController.swift in Sources */ = {isa = PBXBuildFile; fileRef = 8B73D2CD2229400800B8088F /* SwipeTableViewController.swift */; };
/* End PBXBuildFile section */

/* Begin PBXFileReference section */
		0A8C93D198CA7B70FED44646 /* Pods-Todoey.debug.xcconfig */ = {isa = PBXFileReference; includeInIndex = 1; lastKnownFileType = text.xcconfig; name = "Pods-Todoey.debug.xcconfig"; path = "Target Support Files/Pods-Todoey/Pods-Todoey.debug.xcconfig"; sourceTree = "<group>"; };
		8B73D2842222FFD900B8088F /* Todoey.app */ = {isa = PBXFileReference; explicitFileType = wrapper.application; includeInIndex = 0; path = Todoey.app; sourceTree = BUILT_PRODUCTS_DIR; };
		8B73D2872222FFD900B8088F /* AppDelegate.swift */ = {isa = PBXFileReference; lastKnownFileType = sourcecode.swift; path = AppDelegate.swift; sourceTree = "<group>"; };
		8B73D2892222FFD900B8088F /* TodoListViewController.swift */ = {isa = PBXFileReference; lastKnownFileType = sourcecode.swift; path = TodoListViewController.swift; sourceTree = "<group>"; };
		8B73D28C2222FFD900B8088F /* Base */ = {isa = PBXFileReference; lastKnownFileType = file.storyboard; name = Base; path = Base.lproj/Main.storyboard; sourceTree = "<group>"; };
		8B73D28E2222FFDA00B8088F /* Assets.xcassets */ = {isa = PBXFileReference; lastKnownFileType = folder.assetcatalog; path = Assets.xcassets; sourceTree = "<group>"; };
		8B73D2912222FFDA00B8088F /* Base */ = {isa = PBXFileReference; lastKnownFileType = file.storyboard; name = Base; path = Base.lproj/LaunchScreen.storyboard; sourceTree = "<group>"; };
		8B73D2932222FFDA00B8088F /* Info.plist */ = {isa = PBXFileReference; lastKnownFileType = text.plist.xml; path = Info.plist; sourceTree = "<group>"; };
		8B73D2C52228089600B8088F /* CategoryViewController.swift */ = {isa = PBXFileReference; lastKnownFileType = sourcecode.swift; path = CategoryViewController.swift; sourceTree = "<group>"; };
		8B73D2C92228D4EB00B8088F /* Item.swift */ = {isa = PBXFileReference; lastKnownFileType = sourcecode.swift; path = Item.swift; sourceTree = "<group>"; };
		8B73D2CB2228D4F500B8088F /* Category.swift */ = {isa = PBXFileReference; lastKnownFileType = sourcecode.swift; path = Category.swift; sourceTree = "<group>"; };
		8B73D2CD2229400800B8088F /* SwipeTableViewController.swift */ = {isa = PBXFileReference; lastKnownFileType = sourcecode.swift; path = SwipeTableViewController.swift; sourceTree = "<group>"; };
		BD882EFDE60B5FA7391B7687 /* Pods_Todoey.framework */ = {isa = PBXFileReference; explicitFileType = wrapper.framework; includeInIndex = 0; path = Pods_Todoey.framework; sourceTree = BUILT_PRODUCTS_DIR; };
		E3E2D6EF2C89F66C426618A9 /* Pods-Todoey.release.xcconfig */ = {isa = PBXFileReference; includeInIndex = 1; lastKnownFileType = text.xcconfig; name = "Pods-Todoey.release.xcconfig"; path = "Target Support Files/Pods-Todoey/Pods-Todoey.release.xcconfig"; sourceTree = "<group>"; };
/* End PBXFileReference section */

/* Begin PBXFrameworksBuildPhase section */
		8B73D2812222FFD900B8088F /* Frameworks */ = {
			isa = PBXFrameworksBuildPhase;
			buildActionMask = 2147483647;
			files = (
				46BB1D77C55CB1CBAF094CCB /* Pods_Todoey.framework in Frameworks */,
			);
			runOnlyForDeploymentPostprocessing = 0;
		};
/* End PBXFrameworksBuildPhase section */

/* Begin PBXGroup section */
		856914DEB9DE263E25312040 /* Pods */ = {
			isa = PBXGroup;
			children = (
				0A8C93D198CA7B70FED44646 /* Pods-Todoey.debug.xcconfig */,
				E3E2D6EF2C89F66C426618A9 /* Pods-Todoey.release.xcconfig */,
			);
			path = Pods;
			sourceTree = "<group>";
		};
		8B73D27B2222FFD900B8088F = {
			isa = PBXGroup;
			children = (
				8B73D2862222FFD900B8088F /* Todoey */,
				8B73D2852222FFD900B8088F /* Products */,
				856914DEB9DE263E25312040 /* Pods */,
				B7F8F8C508467DEA123DA083 /* Frameworks */,
			);
			sourceTree = "<group>";
		};
		8B73D2852222FFD900B8088F /* Products */ = {
			isa = PBXGroup;
			children = (
				8B73D2842222FFD900B8088F /* Todoey.app */,
			);
			name = Products;
			sourceTree = "<group>";
		};
		8B73D2862222FFD900B8088F /* Todoey */ = {
			isa = PBXGroup;
			children = (
				8B73D2992226506200B8088F /* Data Model */,
				8B73D2872222FFD900B8088F /* AppDelegate.swift */,
				8B73D29C222650E700B8088F /* Controllers */,
				8B73D29D222650F200B8088F /* Views */,
				8B73D29E2226511000B8088F /* Supporting files */,
				8B73D2932222FFDA00B8088F /* Info.plist */,
			);
			path = Todoey;
			sourceTree = "<group>";
		};
		8B73D2992226506200B8088F /* Data Model */ = {
			isa = PBXGroup;
			children = (
				8B73D2CB2228D4F500B8088F /* Category.swift */,
				8B73D2C92228D4EB00B8088F /* Item.swift */,
			);
			path = "Data Model";
			sourceTree = "<group>";
		};
		8B73D29C222650E700B8088F /* Controllers */ = {
			isa = PBXGroup;
			children = (
				8B73D2C52228089600B8088F /* CategoryViewController.swift */,
				8B73D2892222FFD900B8088F /* TodoListViewController.swift */,
				8B73D2CD2229400800B8088F /* SwipeTableViewController.swift */,
			);
			path = Controllers;
			sourceTree = "<group>";
		};
		8B73D29D222650F200B8088F /* Views */ = {
			isa = PBXGroup;
			children = (
				8B73D28B2222FFD900B8088F /* Main.storyboard */,
			);
			path = Views;
			sourceTree = "<group>";
		};
		8B73D29E2226511000B8088F /* Supporting files */ = {
			isa = PBXGroup;
			children = (
				8B73D28E2222FFDA00B8088F /* Assets.xcassets */,
				8B73D2902222FFDA00B8088F /* LaunchScreen.storyboard */,
			);
			path = "Supporting files";
			sourceTree = "<group>";
		};
		B7F8F8C508467DEA123DA083 /* Frameworks */ = {
			isa = PBXGroup;
			children = (
				BD882EFDE60B5FA7391B7687 /* Pods_Todoey.framework */,
			);
			name = Frameworks;
			sourceTree = "<group>";
		};
/* End PBXGroup section */

/* Begin PBXNativeTarget section */
		8B73D2832222FFD900B8088F /* Todoey */ = {
			isa = PBXNativeTarget;
			buildConfigurationList = 8B73D2962222FFDA00B8088F /* Build configuration list for PBXNativeTarget "Todoey" */;
			buildPhases = (
				11E0EDD885C9E7A07BF4D003 /* [CP] Check Pods Manifest.lock */,
				8B73D2802222FFD900B8088F /* Sources */,
				8B73D2812222FFD900B8088F /* Frameworks */,
				8B73D2822222FFD900B8088F /* Resources */,
				DF16676EC01F21AA311B9C3A /* [CP] Embed Pods Frameworks */,
			);
			buildRules = (
			);
			dependencies = (
			);
			name = Todoey;
			productName = Todoey;
			productReference = 8B73D2842222FFD900B8088F /* Todoey.app */;
			productType = "com.apple.product-type.application";
		};
/* End PBXNativeTarget section */

/* Begin PBXProject section */
		8B73D27C2222FFD900B8088F /* Project object */ = {
			isa = PBXProject;
			attributes = {
				LastSwiftUpdateCheck = 1010;
				LastUpgradeCheck = 1010;
				ORGANIZATIONNAME = "Hongyuan Shen";
				TargetAttributes = {
					8B73D2832222FFD900B8088F = {
						CreatedOnToolsVersion = 10.1;
					};
				};
			};
			buildConfigurationList = 8B73D27F2222FFD900B8088F /* Build configuration list for PBXProject "Todoey" */;
			compatibilityVersion = "Xcode 9.3";
			developmentRegion = en;
			hasScannedForEncodings = 0;
			knownRegions = (
				en,
				Base,
			);
			mainGroup = 8B73D27B2222FFD900B8088F;
			productRefGroup = 8B73D2852222FFD900B8088F /* Products */;
			projectDirPath = "";
			projectRoot = "";
			targets = (
				8B73D2832222FFD900B8088F /* Todoey */,
			);
		};
/* End PBXProject section */

/* Begin PBXResourcesBuildPhase section */
		8B73D2822222FFD900B8088F /* Resources */ = {
			isa = PBXResourcesBuildPhase;
			buildActionMask = 2147483647;
			files = (
				8B73D2922222FFDA00B8088F /* LaunchScreen.storyboard in Resources */,
				8B73D28F2222FFDA00B8088F /* Assets.xcassets in Resources */,
				8B73D28D2222FFD900B8088F /* Main.storyboard in Resources */,
			);
			runOnlyForDeploymentPostprocessing = 0;
		};
/* End PBXResourcesBuildPhase section */

/* Begin PBXShellScriptBuildPhase section */
		11E0EDD885C9E7A07BF4D003 /* [CP] Check Pods Manifest.lock */ = {
			isa = PBXShellScriptBuildPhase;
			buildActionMask = 2147483647;
			files = (
			);
			inputFileListPaths = (
			);
			inputPaths = (
				"${PODS_PODFILE_DIR_PATH}/Podfile.lock",
				"${PODS_ROOT}/Manifest.lock",
			);
			name = "[CP] Check Pods Manifest.lock";
			outputFileListPaths = (
			);
			outputPaths = (
				"$(DERIVED_FILE_DIR)/Pods-Todoey-checkManifestLockResult.txt",
			);
			runOnlyForDeploymentPostprocessing = 0;
			shellPath = /bin/sh;
			shellScript = "diff \"${PODS_PODFILE_DIR_PATH}/Podfile.lock\" \"${PODS_ROOT}/Manifest.lock\" > /dev/null\nif [ $? != 0 ] ; then\n    # print error to STDERR\n    echo \"error: The sandbox is not in sync with the Podfile.lock. Run 'pod install' or update your CocoaPods installation.\" >&2\n    exit 1\nfi\n# This output is used by Xcode 'outputs' to avoid re-running this script phase.\necho \"SUCCESS\" > \"${SCRIPT_OUTPUT_FILE_0}\"\n";
			showEnvVarsInLog = 0;
		};
		DF16676EC01F21AA311B9C3A /* [CP] Embed Pods Frameworks */ = {
			isa = PBXShellScriptBuildPhase;
			buildActionMask = 2147483647;
			files = (
			);
			inputFileListPaths = (
			);
			inputPaths = (
				"${PODS_ROOT}/Target Support Files/Pods-Todoey/Pods-Todoey-frameworks.sh",
				"${BUILT_PRODUCTS_DIR}/ChameleonFramework/ChameleonFramework.framework",
				"${BUILT_PRODUCTS_DIR}/Realm/Realm.framework",
				"${BUILT_PRODUCTS_DIR}/RealmSwift/RealmSwift.framework",
				"${BUILT_PRODUCTS_DIR}/SwipeCellKit/SwipeCellKit.framework",
			);
			name = "[CP] Embed Pods Frameworks";
			outputFileListPaths = (
			);
			outputPaths = (
				"${TARGET_BUILD_DIR}/${FRAMEWORKS_FOLDER_PATH}/ChameleonFramework.framework",
				"${TARGET_BUILD_DIR}/${FRAMEWORKS_FOLDER_PATH}/Realm.framework",
				"${TARGET_BUILD_DIR}/${FRAMEWORKS_FOLDER_PATH}/RealmSwift.framework",
				"${TARGET_BUILD_DIR}/${FRAMEWORKS_FOLDER_PATH}/SwipeCellKit.framework",
			);
			runOnlyForDeploymentPostprocessing = 0;
			shellPath = /bin/sh;
			shellScript = "\"${PODS_ROOT}/Target Support Files/Pods-Todoey/Pods-Todoey-frameworks.sh\"\n";
			showEnvVarsInLog = 0;
		};
/* End PBXShellScriptBuildPhase section */

/* Begin PBXSourcesBuildPhase section */
		8B73D2802222FFD900B8088F /* Sources */ = {
			isa = PBXSourcesBuildPhase;
			buildActionMask = 2147483647;
			files = (
				8B73D2CA2228D4EB00B8088F /* Item.swift in Sources */,
				8B73D28A2222FFD900B8088F /* TodoListViewController.swift in Sources */,
				8B73D2C62228089600B8088F /* CategoryViewController.swift in Sources */,
				8B73D2882222FFD900B8088F /* AppDelegate.swift in Sources */,
				8B73D2CE2229400800B8088F /* SwipeTableViewController.swift in Sources */,
				8B73D2CC2228D4F500B8088F /* Category.swift in Sources */,
			);
			runOnlyForDeploymentPostprocessing = 0;
		};
/* End PBXSourcesBuildPhase section */

/* Begin PBXVariantGroup section */
		8B73D28B2222FFD900B8088F /* Main.storyboard */ = {
			isa = PBXVariantGroup;
			children = (
				8B73D28C2222FFD900B8088F /* Base */,
			);
			name = Main.storyboard;
			sourceTree = "<group>";
		};
		8B73D2902222FFDA00B8088F /* LaunchScreen.storyboard */ = {
			isa = PBXVariantGroup;
			children = (
				8B73D2912222FFDA00B8088F /* Base */,
			);
			name = LaunchScreen.storyboard;
			sourceTree = "<group>";
		};
/* End PBXVariantGroup section */

/* Begin XCBuildConfiguration section */
		8B73D2942222FFDA00B8088F /* Debug */ = {
			isa = XCBuildConfiguration;
			buildSettings = {
				ALWAYS_SEARCH_USER_PATHS = NO;
				CLANG_ANALYZER_NONNULL = YES;
				CLANG_ANALYZER_NUMBER_OBJECT_CONVERSION = YES_AGGRESSIVE;
				CLANG_CXX_LANGUAGE_STANDARD = "gnu++14";
				CLANG_CXX_LIBRARY = "libc++";
				CLANG_ENABLE_MODULES = YES;
				CLANG_ENABLE_OBJC_ARC = YES;
				CLANG_ENABLE_OBJC_WEAK = YES;
				CLANG_WARN_BLOCK_CAPTURE_AUTORELEASING = YES;
				CLANG_WARN_BOOL_CONVERSION = YES;
				CLANG_WARN_COMMA = YES;
				CLANG_WARN_CONSTANT_CONVERSION = YES;
				CLANG_WARN_DEPRECATED_OBJC_IMPLEMENTATIONS = YES;
				CLANG_WARN_DIRECT_OBJC_ISA_USAGE = YES_ERROR;
				CLANG_WARN_DOCUMENTATION_COMMENTS = YES;
				CLANG_WARN_EMPTY_BODY = YES;
				CLANG_WARN_ENUM_CONVERSION = YES;
				CLANG_WARN_INFINITE_RECURSION = YES;
				CLANG_WARN_INT_CONVERSION = YES;
				CLANG_WARN_NON_LITERAL_NULL_CONVERSION = YES;
				CLANG_WARN_OBJC_IMPLICIT_RETAIN_SELF = YES;
				CLANG_WARN_OBJC_LITERAL_CONVERSION = YES;
				CLANG_WARN_OBJC_ROOT_CLASS = YES_ERROR;
				CLANG_WARN_RANGE_LOOP_ANALYSIS = YES;
				CLANG_WARN_STRICT_PROTOTYPES = YES;
				CLANG_WARN_SUSPICIOUS_MOVE = YES;
				CLANG_WARN_UNGUARDED_AVAILABILITY = YES_AGGRESSIVE;
				CLANG_WARN_UNREACHABLE_CODE = YES;
				CLANG_WARN__DUPLICATE_METHOD_MATCH = YES;
				CODE_SIGN_IDENTITY = "iPhone Developer";
				COPY_PHASE_STRIP = NO;
				DEBUG_INFORMATION_FORMAT = dwarf;
				ENABLE_STRICT_OBJC_MSGSEND = YES;
				ENABLE_TESTABILITY = YES;
				GCC_C_LANGUAGE_STANDARD = gnu11;
				GCC_DYNAMIC_NO_PIC = NO;
				GCC_NO_COMMON_BLOCKS = YES;
				GCC_OPTIMIZATION_LEVEL = 0;
				GCC_PREPROCESSOR_DEFINITIONS = (
					"DEBUG=1",
					"$(inherited)",
				);
				GCC_WARN_64_TO_32_BIT_CONVERSION = YES;
				GCC_WARN_ABOUT_RETURN_TYPE = YES_ERROR;
				GCC_WARN_UNDECLARED_SELECTOR = YES;
				GCC_WARN_UNINITIALIZED_AUTOS = YES_AGGRESSIVE;
				GCC_WARN_UNUSED_FUNCTION = YES;
				GCC_WARN_UNUSED_VARIABLE = YES;
				IPHONEOS_DEPLOYMENT_TARGET = 12.1;
				MTL_ENABLE_DEBUG_INFO = INCLUDE_SOURCE;
				MTL_FAST_MATH = YES;
				ONLY_ACTIVE_ARCH = YES;
				SDKROOT = iphoneos;
				SWIFT_ACTIVE_COMPILATION_CONDITIONS = DEBUG;
				SWIFT_OPTIMIZATION_LEVEL = "-Onone";
			};
			name = Debug;
		};
		8B73D2952222FFDA00B8088F /* Release */ = {
			isa = XCBuildConfiguration;
			buildSettings = {
				ALWAYS_SEARCH_USER_PATHS = NO;
				CLANG_ANALYZER_NONNULL = YES;
				CLANG_ANALYZER_NUMBER_OBJECT_CONVERSION = YES_AGGRESSIVE;
				CLANG_CXX_LANGUAGE_STANDARD = "gnu++14";
				CLANG_CXX_LIBRARY = "libc++";
				CLANG_ENABLE_MODULES = YES;
				CLANG_ENABLE_OBJC_ARC = YES;
				CLANG_ENABLE_OBJC_WEAK = YES;
				CLANG_WARN_BLOCK_CAPTURE_AUTORELEASING = YES;
				CLANG_WARN_BOOL_CONVERSION = YES;
				CLANG_WARN_COMMA = YES;
				CLANG_WARN_CONSTANT_CONVERSION = YES;
				CLANG_WARN_DEPRECATED_OBJC_IMPLEMENTATIONS = YES;
				CLANG_WARN_DIRECT_OBJC_ISA_USAGE = YES_ERROR;
				CLANG_WARN_DOCUMENTATION_COMMENTS = YES;
				CLANG_WARN_EMPTY_BODY = YES;
				CLANG_WARN_ENUM_CONVERSION = YES;
				CLANG_WARN_INFINITE_RECURSION = YES;
				CLANG_WARN_INT_CONVERSION = YES;
				CLANG_WARN_NON_LITERAL_NULL_CONVERSION = YES;
				CLANG_WARN_OBJC_IMPLICIT_RETAIN_SELF = YES;
				CLANG_WARN_OBJC_LITERAL_CONVERSION = YES;
				CLANG_WARN_OBJC_ROOT_CLASS = YES_ERROR;
				CLANG_WARN_RANGE_LOOP_ANALYSIS = YES;
				CLANG_WARN_STRICT_PROTOTYPES = YES;
				CLANG_WARN_SUSPICIOUS_MOVE = YES;
				CLANG_WARN_UNGUARDED_AVAILABILITY = YES_AGGRESSIVE;
				CLANG_WARN_UNREACHABLE_CODE = YES;
				CLANG_WARN__DUPLICATE_METHOD_MATCH = YES;
				CODE_SIGN_IDENTITY = "iPhone Developer";
				COPY_PHASE_STRIP = NO;
				DEBUG_INFORMATION_FORMAT = "dwarf-with-dsym";
				ENABLE_NS_ASSERTIONS = NO;
				ENABLE_STRICT_OBJC_MSGSEND = YES;
				GCC_C_LANGUAGE_STANDARD = gnu11;
				GCC_NO_COMMON_BLOCKS = YES;
				GCC_WARN_64_TO_32_BIT_CONVERSION = YES;
				GCC_WARN_ABOUT_RETURN_TYPE = YES_ERROR;
				GCC_WARN_UNDECLARED_SELECTOR = YES;
				GCC_WARN_UNINITIALIZED_AUTOS = YES_AGGRESSIVE;
				GCC_WARN_UNUSED_FUNCTION = YES;
				GCC_WARN_UNUSED_VARIABLE = YES;
				IPHONEOS_DEPLOYMENT_TARGET = 12.1;
				MTL_ENABLE_DEBUG_INFO = NO;
				MTL_FAST_MATH = YES;
				SDKROOT = iphoneos;
				SWIFT_COMPILATION_MODE = wholemodule;
				SWIFT_OPTIMIZATION_LEVEL = "-O";
				VALIDATE_PRODUCT = YES;
			};
			name = Release;
		};
		8B73D2972222FFDA00B8088F /* Debug */ = {
			isa = XCBuildConfiguration;
			baseConfigurationReference = 0A8C93D198CA7B70FED44646 /* Pods-Todoey.debug.xcconfig */;
			buildSettings = {
				ASSETCATALOG_COMPILER_APPICON_NAME = AppIcon;
				CODE_SIGN_STYLE = Automatic;
				DEVELOPMENT_TEAM = HXJTY6DGMZ;
				INFOPLIST_FILE = Todoey/Info.plist;
				LD_RUNPATH_SEARCH_PATHS = (
					"$(inherited)",
					"@executable_path/Frameworks",
				);
				PRODUCT_BUNDLE_IDENTIFIER = com.hahaharryyy.Todoey;
				PRODUCT_NAME = "$(TARGET_NAME)";
				SWIFT_VERSION = 4.2;
				TARGETED_DEVICE_FAMILY = "1,2";
			};
			name = Debug;
		};
		8B73D2982222FFDA00B8088F /* Release */ = {
			isa = XCBuildConfiguration;
			baseConfigurationReference = E3E2D6EF2C89F66C426618A9 /* Pods-Todoey.release.xcconfig */;
			buildSettings = {
				ASSETCATALOG_COMPILER_APPICON_NAME = AppIcon;
				CODE_SIGN_STYLE = Automatic;
				DEVELOPMENT_TEAM = HXJTY6DGMZ;
				INFOPLIST_FILE = Todoey/Info.plist;
				LD_RUNPATH_SEARCH_PATHS = (
					"$(inherited)",
					"@executable_path/Frameworks",
				);
				PRODUCT_BUNDLE_IDENTIFIER = com.hahaharryyy.Todoey;
				PRODUCT_NAME = "$(TARGET_NAME)";
				SWIFT_VERSION = 4.2;
				TARGETED_DEVICE_FAMILY = "1,2";
			};
			name = Release;
		};
/* End XCBuildConfiguration section */

/* Begin XCConfigurationList section */
		8B73D27F2222FFD900B8088F /* Build configuration list for PBXProject "Todoey" */ = {
			isa = XCConfigurationList;
			buildConfigurations = (
				8B73D2942222FFDA00B8088F /* Debug */,
				8B73D2952222FFDA00B8088F /* Release */,
			);
			defaultConfigurationIsVisible = 0;
			defaultConfigurationName = Release;
		};
		8B73D2962222FFDA00B8088F /* Build configuration list for PBXNativeTarget "Todoey" */ = {
			isa = XCConfigurationList;
			buildConfigurations = (
				8B73D2972222FFDA00B8088F /* Debug */,
				8B73D2982222FFDA00B8088F /* Release */,
			);
			defaultConfigurationIsVisible = 0;
			defaultConfigurationName = Release;
		};
/* End XCConfigurationList section */
	};
	rootObject = 8B73D27C2222FFD900B8088F /* Project object */;
}
